
Microsoft Visual Studio Solution File, Format Version 12.00
# Visual Studio Version 16
VisualStudioVersion = 16.0.30114.105
MinimumVisualStudioVersion = 10.0.40219.1
Project("{FAE04EC0-301F-11D3-BF4B-00C04F79EFBC}") = "ULTRAKIT", "ULTRAKIT\ULTRAKIT.csproj", "{DA42FE3A-4E5B-4191-BDC2-CC62C2D04F63}"
EndProject
Project("{FAE04EC0-301F-11D3-BF4B-00C04F79EFBC}") = "ULTRAKIT.Extensions", "ULTRAKIT.Extensions\ULTRAKIT.Extensions.csproj", "{456A436C-031E-495D-9C2E-350694B6E3C9}"
EndProject
Project("{FAE04EC0-301F-11D3-BF4B-00C04F79EFBC}") = "ULTRAKIT.Data", "ULTRAKIT.Data\ULTRAKIT.Data.csproj", "{CEF77A9B-383B-4080-AECE-6B92DC5BF990}"
EndProject
Project("{FAE04EC0-301F-11D3-BF4B-00C04F79EFBC}") = "ULTRAKIT.Editor", "ULTRAKIT.Editor\ULTRAKIT.Editor.csproj", "{98797264-A4E1-45E2-AC4A-95BAB64CBA34}"
EndProject
Project("{FAE04EC0-301F-11D3-BF4B-00C04F79EFBC}") = "ULTRAKIT.Loader", "ULTRAKIT.Loader\ULTRAKIT.Loader.csproj", "{919834FC-81EC-4F1A-9FD1-AA4272EEAF19}"
EndProject
Global
	GlobalSection(SolutionConfigurationPlatforms) = preSolution
		Debug|Any CPU = Debug|Any CPU
		Release|Any CPU = Release|Any CPU
	EndGlobalSection
	GlobalSection(ProjectConfigurationPlatforms) = postSolution
		{DA42FE3A-4E5B-4191-BDC2-CC62C2D04F63}.Debug|Any CPU.ActiveCfg = Debug|Any CPU
		{DA42FE3A-4E5B-4191-BDC2-CC62C2D04F63}.Debug|Any CPU.Build.0 = Debug|Any CPU
		{DA42FE3A-4E5B-4191-BDC2-CC62C2D04F63}.Release|Any CPU.ActiveCfg = Release|Any CPU
		{DA42FE3A-4E5B-4191-BDC2-CC62C2D04F63}.Release|Any CPU.Build.0 = Release|Any CPU
		{456A436C-031E-495D-9C2E-350694B6E3C9}.Debug|Any CPU.ActiveCfg = Debug|Any CPU
		{456A436C-031E-495D-9C2E-350694B6E3C9}.Debug|Any CPU.Build.0 = Debug|Any CPU
		{456A436C-031E-495D-9C2E-350694B6E3C9}.Release|Any CPU.ActiveCfg = Release|Any CPU
		{456A436C-031E-495D-9C2E-350694B6E3C9}.Release|Any CPU.Build.0 = Release|Any CPU
		{CEF77A9B-383B-4080-AECE-6B92DC5BF990}.Debug|Any CPU.ActiveCfg = Debug|Any CPU
		{CEF77A9B-383B-4080-AECE-6B92DC5BF990}.Debug|Any CPU.Build.0 = Debug|Any CPU
		{CEF77A9B-383B-4080-AECE-6B92DC5BF990}.Release|Any CPU.ActiveCfg = Release|Any CPU
		{CEF77A9B-383B-4080-AECE-6B92DC5BF990}.Release|Any CPU.Build.0 = Release|Any CPU
		{98797264-A4E1-45E2-AC4A-95BAB64CBA34}.Debug|Any CPU.ActiveCfg = Debug|Any CPU
		{98797264-A4E1-45E2-AC4A-95BAB64CBA34}.Debug|Any CPU.Build.0 = Debug|Any CPU
		{98797264-A4E1-45E2-AC4A-95BAB64CBA34}.Release|Any CPU.ActiveCfg = Release|Any CPU
		{98797264-A4E1-45E2-AC4A-95BAB64CBA34}.Release|Any CPU.Build.0 = Release|Any CPU
		{919834FC-81EC-4F1A-9FD1-AA4272EEAF19}.Debug|Any CPU.ActiveCfg = Debug|Any CPU
		{919834FC-81EC-4F1A-9FD1-AA4272EEAF19}.Debug|Any CPU.Build.0 = Debug|Any CPU
		{919834FC-81EC-4F1A-9FD1-AA4272EEAF19}.Release|Any CPU.ActiveCfg = Release|Any CPU
		{919834FC-81EC-4F1A-9FD1-AA4272EEAF19}.Release|Any CPU.Build.0 = Release|Any CPU
	EndGlobalSection
	GlobalSection(SolutionProperties) = preSolution
		HideSolutionNode = FALSE
	EndGlobalSection
	GlobalSection(ExtensibilityGlobals) = postSolution
		SolutionGuid = {5A77E8F2-1D4D-4664-A57B-C5141CD5941F}
	EndGlobalSection
EndGlobal
